# This file is automatically @generated by Cargo.
# It is not intended for manual editing.
version = 4

[[package]]
name = "acrux-app"
version = "0.7.0"
dependencies = [
 "acrux-codecs",
 "acrux-core",
 "acrux-document",
 "acrux-features",
 "acrux-fonts",
 "acrux-graphics",
 "acrux-render",
 "acrux-winres",
]

[[package]]
name = "acrux-cli"
version = "0.7.0"
dependencies = [
 "acrux-core",
 "acrux-document",
 "acrux-features",
 "acrux-graphics",
 "acrux-render",
 "acrux-winres",
]

[[package]]
name = "acrux-codecs"
version = "0.7.0"
dependencies = [
 "acrux-core",
 "acrux-graphics",
]

[[package]]
name = "acrux-core"
version = "0.7.0"

[[package]]
name = "acrux-document"
version = "0.7.0"
dependencies = [
 "acrux-codecs",
 "acrux-core",
]

[[package]]
name = "acrux-features"
version = "0.7.0"
dependencies = [
 "acrux-codecs",
 "acrux-core",
 "acrux-document",
 "acrux-fonts",
 "acrux-graphics",
 "acrux-render",
]

[[package]]
name = "acrux-fonts"
version = "0.7.0"
dependencies = [
 "acrux-core",
]

[[package]]
name = "acrux-graphics"
version = "0.7.0"
dependencies = [
 "acrux-core",
]

[[package]]
name = "acrux-render"
version = "0.7.0"
dependencies = [
 "acrux-codecs",
 "acrux-core",
 "acrux-document",
 "acrux-fonts",
 "acrux-graphics",
]

[[package]]
name = "acrux-setup"
version = "0.7.0"
dependencies = [
 "acrux-codecs",
 "acrux-winres",
]

[[package]]
name = "acrux-winres"
version = "0.7.0"
